// !$*UTF8*$!
{
	archiveVersion = 1;
	classes = {
	};
	objectVersion = 48;
	objects = {

/* Begin PBXBuildFile section */
		6DC2FC562120C0A300DB5B8E /* AppDelegate.swift in Sources */ = {isa = PBXBuildFile; fileRef = 6DC2FC552120C0A300DB5B8E /* AppDelegate.swift */; };
		6DC2FC582120C0A300DB5B8E /* ViewController.swift in Sources */ = {isa = PBXBuildFile; fileRef = 6DC2FC572120C0A300DB5B8E /* ViewController.swift */; };
		6DC2FC5B2120C0A300DB5B8E /* Main.storyboard in Resources */ = {isa = PBXBuildFile; fileRef = 6DC2FC592120C0A300DB5B8E /* Main.storyboard */; };
		6DC2FC5E2120C0A300DB5B8E /* firebase_login_app.xcdatamodeld in Sources */ = {isa = PBXBuildFile; fileRef = 6DC2FC5C2120C0A300DB5B8E /* firebase_login_app.xcdatamodeld */; };
		6DC2FC602120C0A300DB5B8E /* Assets.xcassets in Resources */ = {isa = PBXBuildFile; fileRef = 6DC2FC5F2120C0A300DB5B8E /* Assets.xcassets */; };
		6DC2FC632120C0A300DB5B8E /* LaunchScreen.storyboard in Resources */ = {isa = PBXBuildFile; fileRef = 6DC2FC612120C0A300DB5B8E /* LaunchScreen.storyboard */; };
		6DC2FC6B2120C24D00DB5B8E /* WelcomeScreenViewController.swift in Sources */ = {isa = PBXBuildFile; fileRef = 6DC2FC6A2120C24D00DB5B8E /* WelcomeScreenViewController.swift */; };
		6DC2FC6D2120C92C00DB5B8E /* GoogleService-Info.plist in Resources */ = {isa = PBXBuildFile; fileRef = 6DC2FC6C2120C92C00DB5B8E /* GoogleService-Info.plist */; };
		D4D3FA8A929CBB2C6092951A /* Pods_firebase_login_app.framework in Frameworks */ = {isa = PBXBuildFile; fileRef = 8D5953E7D96B981B4E2494FB /* Pods_firebase_login_app.framework */; };
/* End PBXBuildFile section */

/* Begin PBXFileReference section */
		6DC2FC522120C0A300DB5B8E /* firebase-login-app.app */ = {isa = PBXFileReference; explicitFileType = wrapper.application; includeInIndex = 0; path = "firebase-login-app.app"; sourceTree = BUILT_PRODUCTS_DIR; };
		6DC2FC552120C0A300DB5B8E /* AppDelegate.swift */ = {isa = PBXFileReference; lastKnownFileType = sourcecode.swift; path = AppDelegate.swift; sourceTree = "<group>"; };
		6DC2FC572120C0A300DB5B8E /* ViewController.swift */ = {isa = PBXFileReference; lastKnownFileType = sourcecode.swift; path = ViewController.swift; sourceTree = "<group>"; };
		6DC2FC5A2120C0A300DB5B8E /* Base */ = {isa = PBXFileReference; lastKnownFileType = file.storyboard; name = Base; path = Base.lproj/Main.storyboard; sourceTree = "<group>"; };
		6DC2FC5D2120C0A300DB5B8E /* firebase_login_app.xcdatamodel */ = {isa = PBXFileReference; lastKnownFileType = wrapper.xcdatamodel; path = firebase_login_app.xcdatamodel; sourceTree = "<group>"; };
		6DC2FC5F2120C0A300DB5B8E /* Assets.xcassets */ = {isa = PBXFileReference; lastKnownFileType = folder.assetcatalog; path = Assets.xcassets; sourceTree = "<group>"; };
		6DC2FC622120C0A300DB5B8E /* Base */ = {isa = PBXFileReference; lastKnownFileType = file.storyboard; name = Base; path = Base.lproj/LaunchScreen.storyboard; sourceTree = "<group>"; };
		6DC2FC642120C0A300DB5B8E /* Info.plist */ = {isa = PBXFileReference; lastKnownFileType = text.plist.xml; path = Info.plist; sourceTree = "<group>"; };
		6DC2FC6A2120C24D00DB5B8E /* WelcomeScreenViewController.swift */ = {isa = PBXFileReference; lastKnownFileType = sourcecode.swift; path = WelcomeScreenViewController.swift; sourceTree = "<group>"; };
		6DC2FC6C2120C92C00DB5B8E /* GoogleService-Info.plist */ = {isa = PBXFileReference; fileEncoding = 4; lastKnownFileType = text.plist.xml; path = "GoogleService-Info.plist"; sourceTree = "<group>"; };
		8D5953E7D96B981B4E2494FB /* Pods_firebase_login_app.framework */ = {isa = PBXFileReference; explicitFileType = wrapper.framework; includeInIndex = 0; path = Pods_firebase_login_app.framework; sourceTree = BUILT_PRODUCTS_DIR; };
		A550058BAE974C3EB36B2173 /* Pods-firebase-login-app.release.xcconfig */ = {isa = PBXFileReference; includeInIndex = 1; lastKnownFileType = text.xcconfig; name = "Pods-firebase-login-app.release.xcconfig"; path = "Pods/Target Support Files/Pods-firebase-login-app/Pods-firebase-login-app.release.xcconfig"; sourceTree = "<group>"; };
		D4144229C8DC02AAEB2EB149 /* Pods-firebase-login-app.debug.xcconfig */ = {isa = PBXFileReference; includeInIndex = 1; lastKnownFileType = text.xcconfig; name = "Pods-firebase-login-app.debug.xcconfig"; path = "Pods/Target Support Files/Pods-firebase-login-app/Pods-firebase-login-app.debug.xcconfig"; sourceTree = "<group>"; };
/* End PBXFileReference section */

/* Begin PBXFrameworksBuildPhase section */
		6DC2FC4F2120C0A300DB5B8E /* Frameworks */ = {
			isa = PBXFrameworksBuildPhase;
			buildActionMask = 2147483647;
			files = (
				D4D3FA8A929CBB2C6092951A /* Pods_firebase_login_app.framework in Frameworks */,
			);
			runOnlyForDeploymentPostprocessing = 0;
		};
/* End PBXFrameworksBuildPhase section */

/* Begin PBXGroup section */
		46F4E36DE059908FE92DBB82 /* Frameworks */ = {
			isa = PBXGroup;
			children = (
				8D5953E7D96B981B4E2494FB /* Pods_firebase_login_app.framework */,
			);
			name = Frameworks;
			sourceTree = "<group>";
		};
		6DC2FC492120C0A300DB5B8E = {
			isa = PBXGroup;
			children = (
				6DC2FC542120C0A300DB5B8E /* firebase-login-app */,
				6DC2FC532120C0A300DB5B8E /* Products */,
				C35ACFD7200EC679E2C8EE90 /* Pods */,
				46F4E36DE059908FE92DBB82 /* Frameworks */,
			);
			sourceTree = "<group>";
		};
		6DC2FC532120C0A300DB5B8E /* Products */ = {
			isa = PBXGroup;
			children = (
				6DC2FC522120C0A300DB5B8E /* firebase-login-app.app */,
			);
			name = Products;
			sourceTree = "<group>";
		};
		6DC2FC542120C0A300DB5B8E /* firebase-login-app */ = {
			isa = PBXGroup;
			children = (
				6DC2FC552120C0A300DB5B8E /* AppDelegate.swift */,
				6DC2FC572120C0A300DB5B8E /* ViewController.swift */,
				6DC2FC592120C0A300DB5B8E /* Main.storyboard */,
				6DC2FC5F2120C0A300DB5B8E /* Assets.xcassets */,
				6DC2FC612120C0A300DB5B8E /* LaunchScreen.storyboard */,
				6DC2FC642120C0A300DB5B8E /* Info.plist */,
				6DC2FC6C2120C92C00DB5B8E /* GoogleService-Info.plist */,
				6DC2FC5C2120C0A300DB5B8E /* firebase_login_app.xcdatamodeld */,
				6DC2FC6A2120C24D00DB5B8E /* WelcomeScreenViewController.swift */,
			);
			path = "firebase-login-app";
			sourceTree = "<group>";
		};
		C35ACFD7200EC679E2C8EE90 /* Pods */ = {
			isa = PBXGroup;
			children = (
				D4144229C8DC02AAEB2EB149 /* Pods-firebase-login-app.debug.xcconfig */,
				A550058BAE974C3EB36B2173 /* Pods-firebase-login-app.release.xcconfig */,
			);
			name = Pods;
			sourceTree = "<group>";
		};
/* End PBXGroup section */

/* Begin PBXNativeTarget section */
		6DC2FC512120C0A300DB5B8E /* firebase-login-app */ = {
			isa = PBXNativeTarget;
			buildConfigurationList = 6DC2FC672120C0A300DB5B8E /* Build configuration list for PBXNativeTarget "firebase-login-app" */;
			buildPhases = (
				F5D8BC4FC072AF3E4B5E2388 /* [CP] Check Pods Manifest.lock */,
				6DC2FC4E2120C0A300DB5B8E /* Sources */,
				6DC2FC4F2120C0A300DB5B8E /* Frameworks */,
				6DC2FC502120C0A300DB5B8E /* Resources */,
				B2A8A5F06FD59ADF5E1010D5 /* [CP] Embed Pods Frameworks */,
				1D558B8FE827F6F9CF349339 /* [CP] Copy Pods Resources */,
			);
			buildRules = (
			);
			dependencies = (
			);
			name = "firebase-login-app";
			productName = "firebase-login-app";
			productReference = 6DC2FC522120C0A300DB5B8E /* firebase-login-app.app */;
			productType = "com.apple.product-type.application";
		};
/* End PBXNativeTarget section */

/* Begin PBXProject section */
		6DC2FC4A2120C0A300DB5B8E /* Project object */ = {
			isa = PBXProject;
			attributes = {
				LastSwiftUpdateCheck = 0900;
				LastUpgradeCheck = 0900;
				ORGANIZATIONNAME = student.roey.honig;
				TargetAttributes = {
					6DC2FC512120C0A300DB5B8E = {
						CreatedOnToolsVersion = 9.0.1;
						ProvisioningStyle = Automatic;
					};
				};
			};
			buildConfigurationList = 6DC2FC4D2120C0A300DB5B8E /* Build configuration list for PBXProject "firebase-login-app" */;
			compatibilityVersion = "Xcode 8.0";
			developmentRegion = en;
			hasScannedForEncodings = 0;
			knownRegions = (
				en,
				Base,
			);
			mainGroup = 6DC2FC492120C0A300DB5B8E;
			productRefGroup = 6DC2FC532120C0A300DB5B8E /* Products */;
			projectDirPath = "";
			projectRoot = "";
			targets = (
				6DC2FC512120C0A300DB5B8E /* firebase-login-app */,
			);
		};
/* End PBXProject section */

/* Begin PBXResourcesBuildPhase section */
		6DC2FC502120C0A300DB5B8E /* Resources */ = {
			isa = PBXResourcesBuildPhase;
			buildActionMask = 2147483647;
			files = (
				6DC2FC632120C0A300DB5B8E /* LaunchScreen.storyboard in Resources */,
				6DC2FC6D2120C92C00DB5B8E /* GoogleService-Info.plist in Resources */,
				6DC2FC602120C0A300DB5B8E /* Assets.xcassets in Resources */,
				6DC2FC5B2120C0A300DB5B8E /* Main.storyboard in Resources */,
			);
			runOnlyForDeploymentPostprocessing = 0;
		};
/* End PBXResourcesBuildPhase section */

/* Begin PBXShellScriptBuildPhase section */
		1D558B8FE827F6F9CF349339 /* [CP] Copy Pods Resources */ = {
			isa = PBXShellScriptBuildPhase;
			buildActionMask = 2147483647;
			files = (
			);
			inputPaths = (
				"${SRCROOT}/Pods/Target Support Files/Pods-firebase-login-app/Pods-firebase-login-app-resources.sh",
				"${PODS_ROOT}/GoogleSignIn/Resources/GoogleSignIn.bundle",
			);
			name = "[CP] Copy Pods Resources";
			outputPaths = (
				"${TARGET_BUILD_DIR}/${UNLOCALIZED_RESOURCES_FOLDER_PATH}/GoogleSignIn.bundle",
			);
			runOnlyForDeploymentPostprocessing = 0;
			shellPath = /bin/sh;
			shellScript = "\"${SRCROOT}/Pods/Target Support Files/Pods-firebase-login-app/Pods-firebase-login-app-resources.sh\"\n";
			showEnvVarsInLog = 0;
		};
		B2A8A5F06FD59ADF5E1010D5 /* [CP] Embed Pods Frameworks */ = {
			isa = PBXShellScriptBuildPhase;
			buildActionMask = 2147483647;
			files = (
			);
			inputPaths = (
				"${SRCROOT}/Pods/Target Support Files/Pods-firebase-login-app/Pods-firebase-login-app-frameworks.sh",
				"${BUILT_PRODUCTS_DIR}/GTMOAuth2/GTMOAuth2.framework",
				"${BUILT_PRODUCTS_DIR}/GTMSessionFetcher/GTMSessionFetcher.framework",
				"${BUILT_PRODUCTS_DIR}/GoogleToolboxForMac/GoogleToolboxForMac.framework",
				"${BUILT_PRODUCTS_DIR}/nanopb/nanopb.framework",
			);
			name = "[CP] Embed Pods Frameworks";
			outputPaths = (
				"${TARGET_BUILD_DIR}/${FRAMEWORKS_FOLDER_PATH}/GTMOAuth2.framework",
				"${TARGET_BUILD_DIR}/${FRAMEWORKS_FOLDER_PATH}/GTMSessionFetcher.framework",
				"${TARGET_BUILD_DIR}/${FRAMEWORKS_FOLDER_PATH}/GoogleToolboxForMac.framework",
				"${TARGET_BUILD_DIR}/${FRAMEWORKS_FOLDER_PATH}/nanopb.framework",
			);
			runOnlyForDeploymentPostprocessing = 0;
			shellPath = /bin/sh;
			shellScript = "\"${SRCROOT}/Pods/Target Support Files/Pods-firebase-login-app/Pods-firebase-login-app-frameworks.sh\"\n";
			showEnvVarsInLog = 0;
		};
		F5D8BC4FC072AF3E4B5E2388 /* [CP] Check Pods Manifest.lock */ = {
			isa = PBXShellScriptBuildPhase;
			buildActionMask = 2147483647;
			files = (
			);
			inputPaths = (
				"${PODS_PODFILE_DIR_PATH}/Podfile.lock",
				"${PODS_ROOT}/Manifest.lock",
			);
			name = "[CP] Check Pods Manifest.lock";
			outputPaths = (
				"$(DERIVED_FILE_DIR)/Pods-firebase-login-app-checkManifestLockResult.txt",
			);
			runOnlyForDeploymentPostprocessing = 0;
			shellPath = /bin/sh;
			shellScript = "diff \"${PODS_PODFILE_DIR_PATH}/Podfile.lock\" \"${PODS_ROOT}/Manifest.lock\" > /dev/null\nif [ $? != 0 ] ; then\n    # print error to STDERR\n    echo \"error: The sandbox is not in sync with the Podfile.lock. Run 'pod install' or update your CocoaPods installation.\" >&2\n    exit 1\nfi\n# This output is used by Xcode 'outputs' to avoid re-running this script phase.\necho \"SUCCESS\" > \"${SCRIPT_OUTPUT_FILE_0}\"\n";
			showEnvVarsInLog = 0;
		};
/* End PBXShellScriptBuildPhase section */

/* Begin PBXSourcesBuildPhase section */
		6DC2FC4E2120C0A300DB5B8E /* Sources */ = {
			isa = PBXSourcesBuildPhase;
			buildActionMask = 2147483647;
			files = (
				6DC2FC5E2120C0A300DB5B8E /* firebase_login_app.xcdatamodeld in Sources */,
				6DC2FC6B2120C24D00DB5B8E /* WelcomeScreenViewController.swift in Sources */,
				6DC2FC582120C0A300DB5B8E /* ViewController.swift in Sources */,
				6DC2FC562120C0A300DB5B8E /* AppDelegate.swift in Sources */,
			);
			runOnlyForDeploymentPostprocessing = 0;
		};
/* End PBXSourcesBuildPhase section */

/* Begin PBXVariantGroup section */
		6DC2FC592120C0A300DB5B8E /* Main.storyboard */ = {
			isa = PBXVariantGroup;
			children = (
				6DC2FC5A2120C0A300DB5B8E /* Base */,
			);
			name = Main.storyboard;
			sourceTree = "<group>";
		};
		6DC2FC612120C0A300DB5B8E /* LaunchScreen.storyboard */ = {
			isa = PBXVariantGroup;
			children = (
				6DC2FC622120C0A300DB5B8E /* Base */,
			);
			name = LaunchScreen.storyboard;
			sourceTree = "<group>";
		};
/* End PBXVariantGroup section */

/* Begin XCBuildConfiguration section */
		6DC2FC652120C0A300DB5B8E /* Debug */ = {
			isa = XCBuildConfiguration;
			buildSettings = {
				ALWAYS_SEARCH_USER_PATHS = NO;
				CLANG_ANALYZER_NONNULL = YES;
				CLANG_ANALYZER_NUMBER_OBJECT_CONVERSION = YES_AGGRESSIVE;
				CLANG_CXX_LANGUAGE_STANDARD = "gnu++14";
				CLANG_CXX_LIBRARY = "libc++";
				CLANG_ENABLE_MODULES = YES;
				CLANG_ENABLE_OBJC_ARC = YES;
				CLANG_WARN_BLOCK_CAPTURE_AUTORELEASING = YES;
				CLANG_WARN_BOOL_CONVERSION = YES;
				CLANG_WARN_COMMA = YES;
				CLANG_WARN_CONSTANT_CONVERSION = YES;
				CLANG_WARN_DIRECT_OBJC_ISA_USAGE = YES_ERROR;
				CLANG_WARN_DOCUMENTATION_COMMENTS = YES;
				CLANG_WARN_EMPTY_BODY = YES;
				CLANG_WARN_ENUM_CONVERSION = YES;
				CLANG_WARN_INFINITE_RECURSION = YES;
				CLANG_WARN_INT_CONVERSION = YES;
				CLANG_WARN_NON_LITERAL_NULL_CONVERSION = YES;
				CLANG_WARN_OBJC_LITERAL_CONVERSION = YES;
				CLANG_WARN_OBJC_ROOT_CLASS = YES_ERROR;
				CLANG_WARN_RANGE_LOOP_ANALYSIS = YES;
				CLANG_WARN_STRICT_PROTOTYPES = YES;
				CLANG_WARN_SUSPICIOUS_MOVE = YES;
				CLANG_WARN_UNGUARDED_AVAILABILITY = YES_AGGRESSIVE;
				CLANG_WARN_UNREACHABLE_CODE = YES;
				CLANG_WARN__DUPLICATE_METHOD_MATCH = YES;
				CODE_SIGN_IDENTITY = "iPhone Developer";
				COPY_PHASE_STRIP = NO;
				DEBUG_INFORMATION_FORMAT = dwarf;
				ENABLE_STRICT_OBJC_MSGSEND = YES;
				ENABLE_TESTABILITY = YES;
				GCC_C_LANGUAGE_STANDARD = gnu11;
				GCC_DYNAMIC_NO_PIC = NO;
				GCC_NO_COMMON_BLOCKS = YES;
				GCC_OPTIMIZATION_LEVEL = 0;
				GCC_PREPROCESSOR_DEFINITIONS = (
					"DEBUG=1",
					"$(inherited)",
				);
				GCC_WARN_64_TO_32_BIT_CONVERSION = YES;
				GCC_WARN_ABOUT_RETURN_TYPE = YES_ERROR;
				GCC_WARN_UNDECLARED_SELECTOR = YES;
				GCC_WARN_UNINITIALIZED_AUTOS = YES_AGGRESSIVE;
				GCC_WARN_UNUSED_FUNCTION = YES;
				GCC_WARN_UNUSED_VARIABLE = YES;
				IPHONEOS_DEPLOYMENT_TARGET = 11.0;
				MTL_ENABLE_DEBUG_INFO = YES;
				ONLY_ACTIVE_ARCH = YES;
				SDKROOT = iphoneos;
				SWIFT_ACTIVE_COMPILATION_CONDITIONS = DEBUG;
				SWIFT_OPTIMIZATION_LEVEL = "-Onone";
			};
			name = Debug;
		};
		6DC2FC662120C0A300DB5B8E /* Release */ = {
			isa = XCBuildConfiguration;
			buildSettings = {
				ALWAYS_SEARCH_USER_PATHS = NO;
				CLANG_ANALYZER_NONNULL = YES;
				CLANG_ANALYZER_NUMBER_OBJECT_CONVERSION = YES_AGGRESSIVE;
				CLANG_CXX_LANGUAGE_STANDARD = "gnu++14";
				CLANG_CXX_LIBRARY = "libc++";
				CLANG_ENABLE_MODULES = YES;
				CLANG_ENABLE_OBJC_ARC = YES;
				CLANG_WARN_BLOCK_CAPTURE_AUTORELEASING = YES;
				CLANG_WARN_BOOL_CONVERSION = YES;
				CLANG_WARN_COMMA = YES;
				CLANG_WARN_CONSTANT_CONVERSION = YES;
				CLANG_WARN_DIRECT_OBJC_ISA_USAGE = YES_ERROR;
				CLANG_WARN_DOCUMENTATION_COMMENTS = YES;
				CLANG_WARN_EMPTY_BODY = YES;
				CLANG_WARN_ENUM_CONVERSION = YES;
				CLANG_WARN_INFINITE_RECURSION = YES;
				CLANG_WARN_INT_CONVERSION = YES;
				CLANG_WARN_NON_LITERAL_NULL_CONVERSION = YES;
				CLANG_WARN_OBJC_LITERAL_CONVERSION = YES;
				CLANG_WARN_OBJC_ROOT_CLASS = YES_ERROR;
				CLANG_WARN_RANGE_LOOP_ANALYSIS = YES;
				CLANG_WARN_STRICT_PROTOTYPES = YES;
				CLANG_WARN_SUSPICIOUS_MOVE = YES;
				CLANG_WARN_UNGUARDED_AVAILABILITY = YES_AGGRESSIVE;
				CLANG_WARN_UNREACHABLE_CODE = YES;
				CLANG_WARN__DUPLICATE_METHOD_MATCH = YES;
				CODE_SIGN_IDENTITY = "iPhone Developer";
				COPY_PHASE_STRIP = NO;
				DEBUG_INFORMATION_FORMAT = "dwarf-with-dsym";
				ENABLE_NS_ASSERTIONS = NO;
				ENABLE_STRICT_OBJC_MSGSEND = YES;
				GCC_C_LANGUAGE_STANDARD = gnu11;
				GCC_NO_COMMON_BLOCKS = YES;
				GCC_WARN_64_TO_32_BIT_CONVERSION = YES;
				GCC_WARN_ABOUT_RETURN_TYPE = YES_ERROR;
				GCC_WARN_UNDECLARED_SELECTOR = YES;
				GCC_WARN_UNINITIALIZED_AUTOS = YES_AGGRESSIVE;
				GCC_WARN_UNUSED_FUNCTION = YES;
				GCC_WARN_UNUSED_VARIABLE = YES;
				IPHONEOS_DEPLOYMENT_TARGET = 11.0;
				MTL_ENABLE_DEBUG_INFO = NO;
				SDKROOT = iphoneos;
				SWIFT_OPTIMIZATION_LEVEL = "-Owholemodule";
				VALIDATE_PRODUCT = YES;
			};
			name = Release;
		};
		6DC2FC682120C0A300DB5B8E /* Debug */ = {
			isa = XCBuildConfiguration;
			baseConfigurationReference = D4144229C8DC02AAEB2EB149 /* Pods-firebase-login-app.debug.xcconfig */;
			buildSettings = {
				ASSETCATALOG_COMPILER_APPICON_NAME = AppIcon;
				CODE_SIGN_STYLE = Automatic;
				DEVELOPMENT_TEAM = GA3LC47ZM3;
				INFOPLIST_FILE = "firebase-login-app/Info.plist";
				IPHONEOS_DEPLOYMENT_TARGET = 10.3;
				LD_RUNPATH_SEARCH_PATHS = "$(inherited) @executable_path/Frameworks";
				PRODUCT_BUNDLE_IDENTIFIER = "student.roey.honig.firebase-login-app";
				PRODUCT_NAME = "$(TARGET_NAME)";
				SWIFT_VERSION = 4.0;
				TARGETED_DEVICE_FAMILY = "1,2";
			};
			name = Debug;
		};
		6DC2FC692120C0A300DB5B8E /* Release */ = {
			isa = XCBuildConfiguration;
			baseConfigurationReference = A550058BAE974C3EB36B2173 /* Pods-firebase-login-app.release.xcconfig */;
			buildSettings = {
				ASSETCATALOG_COMPILER_APPICON_NAME = AppIcon;
				CODE_SIGN_STYLE = Automatic;
				DEVELOPMENT_TEAM = GA3LC47ZM3;
				INFOPLIST_FILE = "firebase-login-app/Info.plist";
				IPHONEOS_DEPLOYMENT_TARGET = 10.3;
				LD_RUNPATH_SEARCH_PATHS = "$(inherited) @executable_path/Frameworks";
				PRODUCT_BUNDLE_IDENTIFIER = "student.roey.honig.firebase-login-app";
				PRODUCT_NAME = "$(TARGET_NAME)";
				SWIFT_VERSION = 4.0;
				TARGETED_DEVICE_FAMILY = "1,2";
			};
			name = Release;
		};
/* End XCBuildConfiguration section */

/* Begin XCConfigurationList section */
		6DC2FC4D2120C0A300DB5B8E /* Build configuration list for PBXProject "firebase-login-app" */ = {
			isa = XCConfigurationList;
			buildConfigurations = (
				6DC2FC652120C0A300DB5B8E /* Debug */,
				6DC2FC662120C0A300DB5B8E /* Release */,
			);
			defaultConfigurationIsVisible = 0;
			defaultConfigurationName = Release;
		};
		6DC2FC672120C0A300DB5B8E /* Build configuration list for PBXNativeTarget "firebase-login-app" */ = {
			isa = XCConfigurationList;
			buildConfigurations = (
				6DC2FC682120C0A300DB5B8E /* Debug */,
				6DC2FC692120C0A300DB5B8E /* Release */,
			);
			defaultConfigurationIsVisible = 0;
			defaultConfigurationName = Release;
		};
/* End XCConfigurationList section */

/* Begin XCVersionGroup section */
		6DC2FC5C2120C0A300DB5B8E /* firebase_login_app.xcdatamodeld */ = {
			isa = XCVersionGroup;
			children = (
				6DC2FC5D2120C0A300DB5B8E /* firebase_login_app.xcdatamodel */,
			);
			currentVersion = 6DC2FC5D2120C0A300DB5B8E /* firebase_login_app.xcdatamodel */;
			path = firebase_login_app.xcdatamodeld;
			sourceTree = "<group>";
			versionGroupType = wrapper.xcdatamodel;
		};
/* End XCVersionGroup section */
	};
	rootObject = 6DC2FC4A2120C0A300DB5B8E /* Project object */;
}
